
Microsoft Visual Studio Solution File, Format Version 12.00
# Visual Studio 15
VisualStudioVersion = 15.0.28307.1169
MinimumVisualStudioVersion = 10.0.40219.1
Project("{FAE04EC0-301F-11D3-BF4B-00C04F79EFBC}") = "QLNhaSach", "QLNhaSach\QLNhaSach.csproj", "{DA0A9D86-A215-48AD-A8D0-4B4401A9F674}"
EndProject
Global
	GlobalSection(SolutionConfigurationPlatforms) = preSolution
		Debug|Any CPU = Debug|Any CPU
		Release|Any CPU = Release|Any CPU
	EndGlobalSection
	GlobalSection(ProjectConfigurationPlatforms) = postSolution
		{DA0A9D86-A215-48AD-A8D0-4B4401A9F674}.Debug|Any CPU.ActiveCfg = Debug|Any CPU
		{DA0A9D86-A215-48AD-A8D0-4B4401A9F674}.Debug|Any CPU.Build.0 = Debug|Any CPU
		{DA0A9D86-A215-48AD-A8D0-4B4401A9F674}.Release|Any CPU.ActiveCfg = Release|Any CPU
		{DA0A9D86-A215-48AD-A8D0-4B4401A9F674}.Release|Any CPU.Build.0 = Release|Any CPU
	EndGlobalSection
	GlobalSection(SolutionProperties) = preSolution
		HideSolutionNode = FALSE
	EndGlobalSection
	GlobalSection(ExtensibilityGlobals) = postSolution
		SolutionGuid = {DB3B6D1D-AC39-45C9-8F98-E79632561815}
	EndGlobalSection
EndGlobal
